{
  "name": "apiteam",
  "version": "1.0.0",
  "lockfileVersion": 1,
  "requires": true,
  "dependencies": {
    "node": {
      "version": "17.2.0",
      "resolved": "https://registry.npmjs.org/node/-/node-17.2.0.tgz",
      "integrity": "sha512-DPS9prUcMq7sK1nfiVEEHPeiJFz5UZuzdz+oq9rsb1v/Zj9Q/JPguI9kgozDLxiJC0yIM+C3+UDVss+8sr3O5Q==",
      "requires": {
        "node-bin-setup": "^1.0.0"
      }
    },
    "node-bin-setup": {
      "version": "1.0.6",
      "resolved": "https://registry.npmjs.org/node-bin-setup/-/node-bin-setup-1.0.6.tgz",
      "integrity": "sha512-uPIxXNis1CRbv1DwqAxkgBk5NFV3s7cMN/Gf556jSw6jBvV7ca4F9lRL/8cALcZecRibeqU+5dFYqFFmzv5a0Q=="
    }
  }
}
